
Microsoft Visual Studio Solution File, Format Version 12.00
# Visual Studio Version 17
VisualStudioVersion = 17.5.002.0
MinimumVisualStudioVersion = 10.0.40219.1
Project("{9A19103F-16F7-4668-BE54-9A1E7A4F7556}") = "LinkedList", "LinkedList.csproj", "{9FC79594-DF38-4D4D-B42F-416DE2639AE2}"
EndProject
Global
	GlobalSection(SolutionConfigurationPlatforms) = preSolution
		Debug|Any CPU = Debug|Any CPU
		Release|Any CPU = Release|Any CPU
	EndGlobalSection
	GlobalSection(ProjectConfigurationPlatforms) = postSolution
		{9FC79594-DF38-4D4D-B42F-416DE2639AE2}.Debug|Any CPU.ActiveCfg = Debug|Any CPU
		{9FC79594-DF38-4D4D-B42F-416DE2639AE2}.Debug|Any CPU.Build.0 = Debug|Any CPU
		{9FC79594-DF38-4D4D-B42F-416DE2639AE2}.Release|Any CPU.ActiveCfg = Release|Any CPU
		{9FC79594-DF38-4D4D-B42F-416DE2639AE2}.Release|Any CPU.Build.0 = Release|Any CPU
	EndGlobalSection
	GlobalSection(SolutionProperties) = preSolution
		HideSolutionNode = FALSE
	EndGlobalSection
	GlobalSection(ExtensibilityGlobals) = postSolution
		SolutionGuid = {D36AD146-9515-4DDD-9492-A66930EC5F9F}
	EndGlobalSection
EndGlobal
